
Microsoft Visual Studio Solution File, Format Version 11.00
# Visual Studio 2010
Project("{8BC9CEB8-8B4A-11D0-8D11-00A0C91BC942}") = "2f", "2f\2f.vcxproj", "{8BAAEECF-A528-4D39-BD05-100C254CD857}"
EndProject
Global
	GlobalSection(SolutionConfigurationPlatforms) = preSolution
		Debug|Win32 = Debug|Win32
		Release|Win32 = Release|Win32
	EndGlobalSection
	GlobalSection(ProjectConfigurationPlatforms) = postSolution
		{8BAAEECF-A528-4D39-BD05-100C254CD857}.Debug|Win32.ActiveCfg = Debug|Win32
		{8BAAEECF-A528-4D39-BD05-100C254CD857}.Debug|Win32.Build.0 = Debug|Win32
		{8BAAEECF-A528-4D39-BD05-100C254CD857}.Release|Win32.ActiveCfg = Release|Win32
		{8BAAEECF-A528-4D39-BD05-100C254CD857}.Release|Win32.Build.0 = Release|Win32
	EndGlobalSection
	GlobalSection(SolutionProperties) = preSolution
		HideSolutionNode = FALSE
	EndGlobalSection
EndGlobal
